
Microsoft Visual Studio Solution File, Format Version 12.00
# Visual Studio Version 17
VisualStudioVersion = 17.3.32929.385
MinimumVisualStudioVersion = 10.0.40219.1
Project("{FAE04EC0-301F-11D3-BF4B-00C04F79EFBC}") = "Exo1", "Exo1\Exo1.csproj", "{9380F5F8-9C94-44EA-AD3B-7C427B35EA3B}"
EndProject
Global
	GlobalSection(SolutionConfigurationPlatforms) = preSolution
		Debug|Any CPU = Debug|Any CPU
		Release|Any CPU = Release|Any CPU
	EndGlobalSection
	GlobalSection(ProjectConfigurationPlatforms) = postSolution
		{9380F5F8-9C94-44EA-AD3B-7C427B35EA3B}.Debug|Any CPU.ActiveCfg = Debug|Any CPU
		{9380F5F8-9C94-44EA-AD3B-7C427B35EA3B}.Debug|Any CPU.Build.0 = Debug|Any CPU
		{9380F5F8-9C94-44EA-AD3B-7C427B35EA3B}.Release|Any CPU.ActiveCfg = Release|Any CPU
		{9380F5F8-9C94-44EA-AD3B-7C427B35EA3B}.Release|Any CPU.Build.0 = Release|Any CPU
	EndGlobalSection
	GlobalSection(SolutionProperties) = preSolution
		HideSolutionNode = FALSE
	EndGlobalSection
	GlobalSection(ExtensibilityGlobals) = postSolution
		SolutionGuid = {E2D8BDFE-1D1F-4C75-8A1C-CCE7660F86BE}
	EndGlobalSection
EndGlobal
